// !$*UTF8*$!
{
	archiveVersion = 1;
	classes = {
	};
	objectVersion = 56;
	objects = {

/* Begin PBXBuildFile section */
		180E9EC629238E9D00BAAEAF /* AppDelegate.swift in Sources */ = {isa = PBXBuildFile; fileRef = 180E9EC529238E9D00BAAEAF /* AppDelegate.swift */; };
		180E9EC829238E9D00BAAEAF /* SceneDelegate.swift in Sources */ = {isa = PBXBuildFile; fileRef = 180E9EC729238E9D00BAAEAF /* SceneDelegate.swift */; };
		180E9ECA29238E9D00BAAEAF /* ViewController.swift in Sources */ = {isa = PBXBuildFile; fileRef = 180E9EC929238E9D00BAAEAF /* ViewController.swift */; };
		180E9ECD29238E9D00BAAEAF /* Main.storyboard in Resources */ = {isa = PBXBuildFile; fileRef = 180E9ECB29238E9D00BAAEAF /* Main.storyboard */; };
		180E9ECF29238E9E00BAAEAF /* Assets.xcassets in Resources */ = {isa = PBXBuildFile; fileRef = 180E9ECE29238E9E00BAAEAF /* Assets.xcassets */; };
		180E9ED229238E9E00BAAEAF /* LaunchScreen.storyboard in Resources */ = {isa = PBXBuildFile; fileRef = 180E9ED029238E9E00BAAEAF /* LaunchScreen.storyboard */; };
		180E9EDA2923900A00BAAEAF /* File.swift in Sources */ = {isa = PBXBuildFile; fileRef = 180E9ED92923900A00BAAEAF /* File.swift */; };
		180E9EDC2923909D00BAAEAF /* QuestionArray.swift in Sources */ = {isa = PBXBuildFile; fileRef = 180E9EDB2923909D00BAAEAF /* QuestionArray.swift */; };
		180E9EDE29239B8800BAAEAF /* nextVC.swift in Sources */ = {isa = PBXBuildFile; fileRef = 180E9EDD29239B8800BAAEAF /* nextVC.swift */; };
/* End PBXBuildFile section */

/* Begin PBXFileReference section */
		180E9EC229238E9D00BAAEAF /* QuisApp2.app */ = {isa = PBXFileReference; explicitFileType = wrapper.application; includeInIndex = 0; path = QuisApp2.app; sourceTree = BUILT_PRODUCTS_DIR; };
		180E9EC529238E9D00BAAEAF /* AppDelegate.swift */ = {isa = PBXFileReference; lastKnownFileType = sourcecode.swift; path = AppDelegate.swift; sourceTree = "<group>"; };
		180E9EC729238E9D00BAAEAF /* SceneDelegate.swift */ = {isa = PBXFileReference; lastKnownFileType = sourcecode.swift; path = SceneDelegate.swift; sourceTree = "<group>"; };
		180E9EC929238E9D00BAAEAF /* ViewController.swift */ = {isa = PBXFileReference; lastKnownFileType = sourcecode.swift; path = ViewController.swift; sourceTree = "<group>"; };
		180E9ECC29238E9D00BAAEAF /* Base */ = {isa = PBXFileReference; lastKnownFileType = file.storyboard; name = Base; path = Base.lproj/Main.storyboard; sourceTree = "<group>"; };
		180E9ECE29238E9E00BAAEAF /* Assets.xcassets */ = {isa = PBXFileReference; lastKnownFileType = folder.assetcatalog; path = Assets.xcassets; sourceTree = "<group>"; };
		180E9ED129238E9E00BAAEAF /* Base */ = {isa = PBXFileReference; lastKnownFileType = file.storyboard; name = Base; path = Base.lproj/LaunchScreen.storyboard; sourceTree = "<group>"; };
		180E9ED329238E9E00BAAEAF /* Info.plist */ = {isa = PBXFileReference; lastKnownFileType = text.plist.xml; path = Info.plist; sourceTree = "<group>"; };
		180E9ED92923900A00BAAEAF /* File.swift */ = {isa = PBXFileReference; lastKnownFileType = sourcecode.swift; path = File.swift; sourceTree = "<group>"; };
		180E9EDB2923909D00BAAEAF /* QuestionArray.swift */ = {isa = PBXFileReference; lastKnownFileType = sourcecode.swift; path = QuestionArray.swift; sourceTree = "<group>"; };
		180E9EDD29239B8800BAAEAF /* nextVC.swift */ = {isa = PBXFileReference; lastKnownFileType = sourcecode.swift; path = nextVC.swift; sourceTree = "<group>"; };
/* End PBXFileReference section */

/* Begin PBXFrameworksBuildPhase section */
		180E9EBF29238E9D00BAAEAF /* Frameworks */ = {
			isa = PBXFrameworksBuildPhase;
			buildActionMask = 2147483647;
			files = (
			);
			runOnlyForDeploymentPostprocessing = 0;
		};
/* End PBXFrameworksBuildPhase section */

/* Begin PBXGroup section */
		180E9EB929238E9D00BAAEAF = {
			isa = PBXGroup;
			children = (
				180E9EDD29239B8800BAAEAF /* nextVC.swift */,
				180E9EC429238E9D00BAAEAF /* QuisApp2 */,
				180E9EC329238E9D00BAAEAF /* Products */,
			);
			sourceTree = "<group>";
		};
		180E9EC329238E9D00BAAEAF /* Products */ = {
			isa = PBXGroup;
			children = (
				180E9EC229238E9D00BAAEAF /* QuisApp2.app */,
			);
			name = Products;
			sourceTree = "<group>";
		};
		180E9EC429238E9D00BAAEAF /* QuisApp2 */ = {
			isa = PBXGroup;
			children = (
				180E9EC529238E9D00BAAEAF /* AppDelegate.swift */,
				180E9EC729238E9D00BAAEAF /* SceneDelegate.swift */,
				180E9EDB2923909D00BAAEAF /* QuestionArray.swift */,
				180E9ED92923900A00BAAEAF /* File.swift */,
				180E9EC929238E9D00BAAEAF /* ViewController.swift */,
				180E9ECB29238E9D00BAAEAF /* Main.storyboard */,
				180E9ECE29238E9E00BAAEAF /* Assets.xcassets */,
				180E9ED029238E9E00BAAEAF /* LaunchScreen.storyboard */,
				180E9ED329238E9E00BAAEAF /* Info.plist */,
			);
			path = QuisApp2;
			sourceTree = "<group>";
		};
/* End PBXGroup section */

/* Begin PBXNativeTarget section */
		180E9EC129238E9D00BAAEAF /* QuisApp2 */ = {
			isa = PBXNativeTarget;
			buildConfigurationList = 180E9ED629238E9E00BAAEAF /* Build configuration list for PBXNativeTarget "QuisApp2" */;
			buildPhases = (
				180E9EBE29238E9D00BAAEAF /* Sources */,
				180E9EBF29238E9D00BAAEAF /* Frameworks */,
				180E9EC029238E9D00BAAEAF /* Resources */,
			);
			buildRules = (
			);
			dependencies = (
			);
			name = QuisApp2;
			productName = QuisApp2;
			productReference = 180E9EC229238E9D00BAAEAF /* QuisApp2.app */;
			productType = "com.apple.product-type.application";
		};
/* End PBXNativeTarget section */

/* Begin PBXProject section */
		180E9EBA29238E9D00BAAEAF /* Project object */ = {
			isa = PBXProject;
			attributes = {
				BuildIndependentTargetsInParallel = 1;
				LastSwiftUpdateCheck = 1410;
				LastUpgradeCheck = 1410;
				TargetAttributes = {
					180E9EC129238E9D00BAAEAF = {
						CreatedOnToolsVersion = 14.1;
					};
				};
			};
			buildConfigurationList = 180E9EBD29238E9D00BAAEAF /* Build configuration list for PBXProject "QuisApp2" */;
			compatibilityVersion = "Xcode 14.0";
			developmentRegion = en;
			hasScannedForEncodings = 0;
			knownRegions = (
				en,
				Base,
			);
			mainGroup = 180E9EB929238E9D00BAAEAF;
			productRefGroup = 180E9EC329238E9D00BAAEAF /* Products */;
			projectDirPath = "";
			projectRoot = "";
			targets = (
				180E9EC129238E9D00BAAEAF /* QuisApp2 */,
			);
		};
/* End PBXProject section */

/* Begin PBXResourcesBuildPhase section */
		180E9EC029238E9D00BAAEAF /* Resources */ = {
			isa = PBXResourcesBuildPhase;
			buildActionMask = 2147483647;
			files = (
				180E9ED229238E9E00BAAEAF /* LaunchScreen.storyboard in Resources */,
				180E9ECF29238E9E00BAAEAF /* Assets.xcassets in Resources */,
				180E9ECD29238E9D00BAAEAF /* Main.storyboard in Resources */,
			);
			runOnlyForDeploymentPostprocessing = 0;
		};
/* End PBXResourcesBuildPhase section */

/* Begin PBXSourcesBuildPhase section */
		180E9EBE29238E9D00BAAEAF /* Sources */ = {
			isa = PBXSourcesBuildPhase;
			buildActionMask = 2147483647;
			files = (
				180E9EDC2923909D00BAAEAF /* QuestionArray.swift in Sources */,
				180E9ECA29238E9D00BAAEAF /* ViewController.swift in Sources */,
				180E9EDA2923900A00BAAEAF /* File.swift in Sources */,
				180E9EC629238E9D00BAAEAF /* AppDelegate.swift in Sources */,
				180E9EC829238E9D00BAAEAF /* SceneDelegate.swift in Sources */,
				180E9EDE29239B8800BAAEAF /* nextVC.swift in Sources */,
			);
			runOnlyForDeploymentPostprocessing = 0;
		};
/* End PBXSourcesBuildPhase section */

/* Begin PBXVariantGroup section */
		180E9ECB29238E9D00BAAEAF /* Main.storyboard */ = {
			isa = PBXVariantGroup;
			children = (
				180E9ECC29238E9D00BAAEAF /* Base */,
			);
			name = Main.storyboard;
			sourceTree = "<group>";
		};
		180E9ED029238E9E00BAAEAF /* LaunchScreen.storyboard */ = {
			isa = PBXVariantGroup;
			children = (
				180E9ED129238E9E00BAAEAF /* Base */,
			);
			name = LaunchScreen.storyboard;
			sourceTree = "<group>";
		};
/* End PBXVariantGroup section */

/* Begin XCBuildConfiguration section */
		180E9ED429238E9E00BAAEAF /* Debug */ = {
			isa = XCBuildConfiguration;
			buildSettings = {
				ALWAYS_SEARCH_USER_PATHS = NO;
				CLANG_ANALYZER_NONNULL = YES;
				CLANG_ANALYZER_NUMBER_OBJECT_CONVERSION = YES_AGGRESSIVE;
				CLANG_CXX_LANGUAGE_STANDARD = "gnu++20";
				CLANG_ENABLE_MODULES = YES;
				CLANG_ENABLE_OBJC_ARC = YES;
				CLANG_ENABLE_OBJC_WEAK = YES;
				CLANG_WARN_BLOCK_CAPTURE_AUTORELEASING = YES;
				CLANG_WARN_BOOL_CONVERSION = YES;
				CLANG_WARN_COMMA = YES;
				CLANG_WARN_CONSTANT_CONVERSION = YES;
				CLANG_WARN_DEPRECATED_OBJC_IMPLEMENTATIONS = YES;
				CLANG_WARN_DIRECT_OBJC_ISA_USAGE = YES_ERROR;
				CLANG_WARN_DOCUMENTATION_COMMENTS = YES;
				CLANG_WARN_EMPTY_BODY = YES;
				CLANG_WARN_ENUM_CONVERSION = YES;
				CLANG_WARN_INFINITE_RECURSION = YES;
				CLANG_WARN_INT_CONVERSION = YES;
				CLANG_WARN_NON_LITERAL_NULL_CONVERSION = YES;
				CLANG_WARN_OBJC_IMPLICIT_RETAIN_SELF = YES;
				CLANG_WARN_OBJC_LITERAL_CONVERSION = YES;
				CLANG_WARN_OBJC_ROOT_CLASS = YES_ERROR;
				CLANG_WARN_QUOTED_INCLUDE_IN_FRAMEWORK_HEADER = YES;
				CLANG_WARN_RANGE_LOOP_ANALYSIS = YES;
				CLANG_WARN_STRICT_PROTOTYPES = YES;
				CLANG_WARN_SUSPICIOUS_MOVE = YES;
				CLANG_WARN_UNGUARDED_AVAILABILITY = YES_AGGRESSIVE;
				CLANG_WARN_UNREACHABLE_CODE = YES;
				CLANG_WARN__DUPLICATE_METHOD_MATCH = YES;
				COPY_PHASE_STRIP = NO;
				DEBUG_INFORMATION_FORMAT = dwarf;
				ENABLE_STRICT_OBJC_MSGSEND = YES;
				ENABLE_TESTABILITY = YES;
				GCC_C_LANGUAGE_STANDARD = gnu11;
				GCC_DYNAMIC_NO_PIC = NO;
				GCC_NO_COMMON_BLOCKS = YES;
				GCC_OPTIMIZATION_LEVEL = 0;
				GCC_PREPROCESSOR_DEFINITIONS = (
					"DEBUG=1",
					"$(inherited)",
				);
				GCC_WARN_64_TO_32_BIT_CONVERSION = YES;
				GCC_WARN_ABOUT_RETURN_TYPE = YES_ERROR;
				GCC_WARN_UNDECLARED_SELECTOR = YES;
				GCC_WARN_UNINITIALIZED_AUTOS = YES_AGGRESSIVE;
				GCC_WARN_UNUSED_FUNCTION = YES;
				GCC_WARN_UNUSED_VARIABLE = YES;
				IPHONEOS_DEPLOYMENT_TARGET = 16.1;
				MTL_ENABLE_DEBUG_INFO = INCLUDE_SOURCE;
				MTL_FAST_MATH = YES;
				ONLY_ACTIVE_ARCH = YES;
				SDKROOT = iphoneos;
				SWIFT_ACTIVE_COMPILATION_CONDITIONS = DEBUG;
				SWIFT_OPTIMIZATION_LEVEL = "-Onone";
			};
			name = Debug;
		};
		180E9ED529238E9E00BAAEAF /* Release */ = {
			isa = XCBuildConfiguration;
			buildSettings = {
				ALWAYS_SEARCH_USER_PATHS = NO;
				CLANG_ANALYZER_NONNULL = YES;
				CLANG_ANALYZER_NUMBER_OBJECT_CONVERSION = YES_AGGRESSIVE;
				CLANG_CXX_LANGUAGE_STANDARD = "gnu++20";
				CLANG_ENABLE_MODULES = YES;
				CLANG_ENABLE_OBJC_ARC = YES;
				CLANG_ENABLE_OBJC_WEAK = YES;
				CLANG_WARN_BLOCK_CAPTURE_AUTORELEASING = YES;
				CLANG_WARN_BOOL_CONVERSION = YES;
				CLANG_WARN_COMMA = YES;
				CLANG_WARN_CONSTANT_CONVERSION = YES;
				CLANG_WARN_DEPRECATED_OBJC_IMPLEMENTATIONS = YES;
				CLANG_WARN_DIRECT_OBJC_ISA_USAGE = YES_ERROR;
				CLANG_WARN_DOCUMENTATION_COMMENTS = YES;
				CLANG_WARN_EMPTY_BODY = YES;
				CLANG_WARN_ENUM_CONVERSION = YES;
				CLANG_WARN_INFINITE_RECURSION = YES;
				CLANG_WARN_INT_CONVERSION = YES;
				CLANG_WARN_NON_LITERAL_NULL_CONVERSION = YES;
				CLANG_WARN_OBJC_IMPLICIT_RETAIN_SELF = YES;
				CLANG_WARN_OBJC_LITERAL_CONVERSION = YES;
				CLANG_WARN_OBJC_ROOT_CLASS = YES_ERROR;
				CLANG_WARN_QUOTED_INCLUDE_IN_FRAMEWORK_HEADER = YES;
				CLANG_WARN_RANGE_LOOP_ANALYSIS = YES;
				CLANG_WARN_STRICT_PROTOTYPES = YES;
				CLANG_WARN_SUSPICIOUS_MOVE = YES;
				CLANG_WARN_UNGUARDED_AVAILABILITY = YES_AGGRESSIVE;
				CLANG_WARN_UNREACHABLE_CODE = YES;
				CLANG_WARN__DUPLICATE_METHOD_MATCH = YES;
				COPY_PHASE_STRIP = NO;
				DEBUG_INFORMATION_FORMAT = "dwarf-with-dsym";
				ENABLE_NS_ASSERTIONS = NO;
				ENABLE_STRICT_OBJC_MSGSEND = YES;
				GCC_C_LANGUAGE_STANDARD = gnu11;
				GCC_NO_COMMON_BLOCKS = YES;
				GCC_WARN_64_TO_32_BIT_CONVERSION = YES;
				GCC_WARN_ABOUT_RETURN_TYPE = YES_ERROR;
				GCC_WARN_UNDECLARED_SELECTOR = YES;
				GCC_WARN_UNINITIALIZED_AUTOS = YES_AGGRESSIVE;
				GCC_WARN_UNUSED_FUNCTION = YES;
				GCC_WARN_UNUSED_VARIABLE = YES;
				IPHONEOS_DEPLOYMENT_TARGET = 16.1;
				MTL_ENABLE_DEBUG_INFO = NO;
				MTL_FAST_MATH = YES;
				SDKROOT = iphoneos;
				SWIFT_COMPILATION_MODE = wholemodule;
				SWIFT_OPTIMIZATION_LEVEL = "-O";
				VALIDATE_PRODUCT = YES;
			};
			name = Release;
		};
		180E9ED729238E9E00BAAEAF /* Debug */ = {
			isa = XCBuildConfiguration;
			buildSettings = {
				ASSETCATALOG_COMPILER_APPICON_NAME = AppIcon;
				ASSETCATALOG_COMPILER_GLOBAL_ACCENT_COLOR_NAME = AccentColor;
				CODE_SIGN_STYLE = Automatic;
				CURRENT_PROJECT_VERSION = 1;
				GENERATE_INFOPLIST_FILE = YES;
				INFOPLIST_FILE = QuisApp2/Info.plist;
				INFOPLIST_KEY_UIApplicationSupportsIndirectInputEvents = YES;
				INFOPLIST_KEY_UILaunchStoryboardName = LaunchScreen;
				INFOPLIST_KEY_UIMainStoryboardFile = Main;
				INFOPLIST_KEY_UISupportedInterfaceOrientations_iPad = "UIInterfaceOrientationPortrait UIInterfaceOrientationPortraitUpsideDown UIInterfaceOrientationLandscapeLeft UIInterfaceOrientationLandscapeRight";
				INFOPLIST_KEY_UISupportedInterfaceOrientations_iPhone = "UIInterfaceOrientationPortrait UIInterfaceOrientationLandscapeLeft UIInterfaceOrientationLandscapeRight";
				LD_RUNPATH_SEARCH_PATHS = (
					"$(inherited)",
					"@executable_path/Frameworks",
				);
				MARKETING_VERSION = 1.0;
				PRODUCT_BUNDLE_IDENTIFIER = anusha.com.QuisApp2;
				PRODUCT_NAME = "$(TARGET_NAME)";
				SWIFT_EMIT_LOC_STRINGS = YES;
				SWIFT_VERSION = 5.0;
				TARGETED_DEVICE_FAMILY = "1,2";
			};
			name = Debug;
		};
		180E9ED829238E9E00BAAEAF /* Release */ = {
			isa = XCBuildConfiguration;
			buildSettings = {
				ASSETCATALOG_COMPILER_APPICON_NAME = AppIcon;
				ASSETCATALOG_COMPILER_GLOBAL_ACCENT_COLOR_NAME = AccentColor;
				CODE_SIGN_STYLE = Automatic;
				CURRENT_PROJECT_VERSION = 1;
				GENERATE_INFOPLIST_FILE = YES;
				INFOPLIST_FILE = QuisApp2/Info.plist;
				INFOPLIST_KEY_UIApplicationSupportsIndirectInputEvents = YES;
				INFOPLIST_KEY_UILaunchStoryboardName = LaunchScreen;
				INFOPLIST_KEY_UIMainStoryboardFile = Main;
				INFOPLIST_KEY_UISupportedInterfaceOrientations_iPad = "UIInterfaceOrientationPortrait UIInterfaceOrientationPortraitUpsideDown UIInterfaceOrientationLandscapeLeft UIInterfaceOrientationLandscapeRight";
				INFOPLIST_KEY_UISupportedInterfaceOrientations_iPhone = "UIInterfaceOrientationPortrait UIInterfaceOrientationLandscapeLeft UIInterfaceOrientationLandscapeRight";
				LD_RUNPATH_SEARCH_PATHS = (
					"$(inherited)",
					"@executable_path/Frameworks",
				);
				MARKETING_VERSION = 1.0;
				PRODUCT_BUNDLE_IDENTIFIER = anusha.com.QuisApp2;
				PRODUCT_NAME = "$(TARGET_NAME)";
				SWIFT_EMIT_LOC_STRINGS = YES;
				SWIFT_VERSION = 5.0;
				TARGETED_DEVICE_FAMILY = "1,2";
			};
			name = Release;
		};
/* End XCBuildConfiguration section */

/* Begin XCConfigurationList section */
		180E9EBD29238E9D00BAAEAF /* Build configuration list for PBXProject "QuisApp2" */ = {
			isa = XCConfigurationList;
			buildConfigurations = (
				180E9ED429238E9E00BAAEAF /* Debug */,
				180E9ED529238E9E00BAAEAF /* Release */,
			);
			defaultConfigurationIsVisible = 0;
			defaultConfigurationName = Release;
		};
		180E9ED629238E9E00BAAEAF /* Build configuration list for PBXNativeTarget "QuisApp2" */ = {
			isa = XCConfigurationList;
			buildConfigurations = (
				180E9ED729238E9E00BAAEAF /* Debug */,
				180E9ED829238E9E00BAAEAF /* Release */,
			);
			defaultConfigurationIsVisible = 0;
			defaultConfigurationName = Release;
		};
/* End XCConfigurationList section */
	};
	rootObject = 180E9EBA29238E9D00BAAEAF /* Project object */;
}
